
Microsoft Visual Studio Solution File, Format Version 12.00
# Visual Studio Version 17
VisualStudioVersion = 17.13.35931.197
MinimumVisualStudioVersion = 10.0.40219.1
Project("{2150E333-8FDC-42A3-9474-1A3956D46DE8}") = "Backend", "Backend", "{02EA681E-C7D8-13C7-8484-4AC65E1B71E8}"
EndProject
Project("{2150E333-8FDC-42A3-9474-1A3956D46DE8}") = "UnitTest", "UnitTest", "{DC31D983-2C40-4B01-8CD7-848761B2DD14}"
EndProject
Project("{2150E333-8FDC-42A3-9474-1A3956D46DE8}") = "UI", "UI", "{0E5DE2FE-6E0C-491D-AD56-7C21844CE1ED}"
EndProject
Project("{FAE04EC0-301F-11D3-BF4B-00C04F79EFBC}") = "ePizzaHub.UI", "ePizzaHub.UI\ePizzaHub.UI.csproj", "{AFFE5ACC-EF1C-48C6-B7A2-306185BF1AC9}"
EndProject
Project("{2150E333-8FDC-42A3-9474-1A3956D46DE8}") = "API", "API", "{FB35D18D-4B67-4998-B0D7-4AAF66256174}"
EndProject
Project("{2150E333-8FDC-42A3-9474-1A3956D46DE8}") = "Core", "Core", "{92A8D6E9-0F87-41E9-8A30-3463C6CB8554}"
EndProject
Project("{2150E333-8FDC-42A3-9474-1A3956D46DE8}") = "InfraStructure", "InfraStructure", "{05EF0F01-78BE-43E8-830B-5CE2718A4C46}"
EndProject
Project("{FAE04EC0-301F-11D3-BF4B-00C04F79EFBC}") = "ePizzaHub.API", "ePizzaHub.API\ePizzaHub.API.csproj", "{638E932E-67BC-40BE-B7E3-3B99B77D6305}"
EndProject
Project("{FAE04EC0-301F-11D3-BF4B-00C04F79EFBC}") = "ePizzaHub.Infrastructure", "ePizzaHub.Infrastructure\ePizzaHub.Infrastructure.csproj", "{EB8B7751-9F23-4114-AD65-4BAED09F915E}"
EndProject
Project("{FAE04EC0-301F-11D3-BF4B-00C04F79EFBC}") = "ePizzaHub.Core", "ePizzaHub.Core\ePizzaHub.Core.csproj", "{B73BC7DF-A748-4F93-BB0F-1AF5EA867372}"
EndProject
Project("{FAE04EC0-301F-11D3-BF4B-00C04F79EFBC}") = "ePizzaHub.Models", "ePizzaHub.Models\ePizzaHub.Models.csproj", "{E030F790-FE91-4400-86F5-D509502E364A}"
EndProject
Project("{FAE04EC0-301F-11D3-BF4B-00C04F79EFBC}") = "ePizzaHub.Repositories", "ePizzaHub.Repositories\ePizzaHub.Repositories.csproj", "{29002FF8-4A68-48A8-92F5-F0440FF2FEB3}"
EndProject
Project("{2150E333-8FDC-42A3-9474-1A3956D46DE8}") = "DatabaseScript", "DatabaseScript", "{199C0CAF-619D-41DD-802D-47CC928DDF86}"
	ProjectSection(SolutionItems) = preProject
		C:\Users\HP\Desktop\pb655_sql.sql = C:\Users\HP\Desktop\pb655_sql.sql
	EndProjectSection
EndProject
Global
	GlobalSection(SolutionConfigurationPlatforms) = preSolution
		Debug|Any CPU = Debug|Any CPU
		Release|Any CPU = Release|Any CPU
	EndGlobalSection
	GlobalSection(ProjectConfigurationPlatforms) = postSolution
		{AFFE5ACC-EF1C-48C6-B7A2-306185BF1AC9}.Debug|Any CPU.ActiveCfg = Debug|Any CPU
		{AFFE5ACC-EF1C-48C6-B7A2-306185BF1AC9}.Debug|Any CPU.Build.0 = Debug|Any CPU
		{AFFE5ACC-EF1C-48C6-B7A2-306185BF1AC9}.Release|Any CPU.ActiveCfg = Release|Any CPU
		{AFFE5ACC-EF1C-48C6-B7A2-306185BF1AC9}.Release|Any CPU.Build.0 = Release|Any CPU
		{638E932E-67BC-40BE-B7E3-3B99B77D6305}.Debug|Any CPU.ActiveCfg = Debug|Any CPU
		{638E932E-67BC-40BE-B7E3-3B99B77D6305}.Debug|Any CPU.Build.0 = Debug|Any CPU
		{638E932E-67BC-40BE-B7E3-3B99B77D6305}.Release|Any CPU.ActiveCfg = Release|Any CPU
		{638E932E-67BC-40BE-B7E3-3B99B77D6305}.Release|Any CPU.Build.0 = Release|Any CPU
		{EB8B7751-9F23-4114-AD65-4BAED09F915E}.Debug|Any CPU.ActiveCfg = Debug|Any CPU
		{EB8B7751-9F23-4114-AD65-4BAED09F915E}.Debug|Any CPU.Build.0 = Debug|Any CPU
		{EB8B7751-9F23-4114-AD65-4BAED09F915E}.Release|Any CPU.ActiveCfg = Release|Any CPU
		{EB8B7751-9F23-4114-AD65-4BAED09F915E}.Release|Any CPU.Build.0 = Release|Any CPU
		{B73BC7DF-A748-4F93-BB0F-1AF5EA867372}.Debug|Any CPU.ActiveCfg = Debug|Any CPU
		{B73BC7DF-A748-4F93-BB0F-1AF5EA867372}.Debug|Any CPU.Build.0 = Debug|Any CPU
		{B73BC7DF-A748-4F93-BB0F-1AF5EA867372}.Release|Any CPU.ActiveCfg = Release|Any CPU
		{B73BC7DF-A748-4F93-BB0F-1AF5EA867372}.Release|Any CPU.Build.0 = Release|Any CPU
		{E030F790-FE91-4400-86F5-D509502E364A}.Debug|Any CPU.ActiveCfg = Debug|Any CPU
		{E030F790-FE91-4400-86F5-D509502E364A}.Debug|Any CPU.Build.0 = Debug|Any CPU
		{E030F790-FE91-4400-86F5-D509502E364A}.Release|Any CPU.ActiveCfg = Release|Any CPU
		{E030F790-FE91-4400-86F5-D509502E364A}.Release|Any CPU.Build.0 = Release|Any CPU
		{29002FF8-4A68-48A8-92F5-F0440FF2FEB3}.Debug|Any CPU.ActiveCfg = Debug|Any CPU
		{29002FF8-4A68-48A8-92F5-F0440FF2FEB3}.Debug|Any CPU.Build.0 = Debug|Any CPU
		{29002FF8-4A68-48A8-92F5-F0440FF2FEB3}.Release|Any CPU.ActiveCfg = Release|Any CPU
		{29002FF8-4A68-48A8-92F5-F0440FF2FEB3}.Release|Any CPU.Build.0 = Release|Any CPU
	EndGlobalSection
	GlobalSection(SolutionProperties) = preSolution
		HideSolutionNode = FALSE
	EndGlobalSection
	GlobalSection(NestedProjects) = preSolution
		{AFFE5ACC-EF1C-48C6-B7A2-306185BF1AC9} = {0E5DE2FE-6E0C-491D-AD56-7C21844CE1ED}
		{FB35D18D-4B67-4998-B0D7-4AAF66256174} = {02EA681E-C7D8-13C7-8484-4AC65E1B71E8}
		{92A8D6E9-0F87-41E9-8A30-3463C6CB8554} = {02EA681E-C7D8-13C7-8484-4AC65E1B71E8}
		{05EF0F01-78BE-43E8-830B-5CE2718A4C46} = {02EA681E-C7D8-13C7-8484-4AC65E1B71E8}
		{638E932E-67BC-40BE-B7E3-3B99B77D6305} = {FB35D18D-4B67-4998-B0D7-4AAF66256174}
		{EB8B7751-9F23-4114-AD65-4BAED09F915E} = {05EF0F01-78BE-43E8-830B-5CE2718A4C46}
		{B73BC7DF-A748-4F93-BB0F-1AF5EA867372} = {92A8D6E9-0F87-41E9-8A30-3463C6CB8554}
		{E030F790-FE91-4400-86F5-D509502E364A} = {92A8D6E9-0F87-41E9-8A30-3463C6CB8554}
		{29002FF8-4A68-48A8-92F5-F0440FF2FEB3} = {05EF0F01-78BE-43E8-830B-5CE2718A4C46}
		{199C0CAF-619D-41DD-802D-47CC928DDF86} = {05EF0F01-78BE-43E8-830B-5CE2718A4C46}
	EndGlobalSection
	GlobalSection(ExtensibilityGlobals) = postSolution
		SolutionGuid = {53AD9B5E-E519-461E-AC71-2BCC4F96EEA3}
	EndGlobalSection
EndGlobal
